
Microsoft Visual Studio Solution File, Format Version 12.00
# Visual Studio Version 16
VisualStudioVersion = 16.0.29920.165
MinimumVisualStudioVersion = 10.0.40219.1
Project("{9A19103F-16F7-4668-BE54-9A1E7A4F7556}") = "prjtS2.MainApp", "prjtS2.MainApp\prjtS2.MainApp.csproj", "{3023D6DD-D581-405E-9AC2-EE65C78BCF2D}"
EndProject
Project("{9A19103F-16F7-4668-BE54-9A1E7A4F7556}") = "prjtS2.FunctLibrary", "prjtS2.FunctLibrary\prjtS2.FunctLibrary.csproj", "{4C6E8177-32A4-451C-A73F-2ED3397C3D08}"
EndProject
Project("{2150E333-8FDC-42A3-9474-1A3956D46DE8}") = "Testing", "Testing", "{4B71F51C-A800-4C2D-97F1-57C7D7E3AA0C}"
EndProject
Project("{9A19103F-16F7-4668-BE54-9A1E7A4F7556}") = "ProjectTesting", "ProjectTesting\ProjectTesting.csproj", "{E930A543-EA80-4979-870B-105FB955D148}"
EndProject
Project("{9A19103F-16F7-4668-BE54-9A1E7A4F7556}") = "TestProject", "TestProject\TestProject.csproj", "{9D249B3A-6789-4456-B78E-8159CFDD2013}"
EndProject
Project("{9A19103F-16F7-4668-BE54-9A1E7A4F7556}") = "prjtS2.Persistance", "prjtS2.Persistance\prjtS2.Persistance.csproj", "{C1855B6D-4961-49C6-B7D9-313ABFCD5B37}"
EndProject
Global
	GlobalSection(SolutionConfigurationPlatforms) = preSolution
		Debug|Any CPU = Debug|Any CPU
		Release|Any CPU = Release|Any CPU
	EndGlobalSection
	GlobalSection(ProjectConfigurationPlatforms) = postSolution
		{3023D6DD-D581-405E-9AC2-EE65C78BCF2D}.Debug|Any CPU.ActiveCfg = Debug|Any CPU
		{3023D6DD-D581-405E-9AC2-EE65C78BCF2D}.Debug|Any CPU.Build.0 = Debug|Any CPU
		{3023D6DD-D581-405E-9AC2-EE65C78BCF2D}.Release|Any CPU.ActiveCfg = Release|Any CPU
		{3023D6DD-D581-405E-9AC2-EE65C78BCF2D}.Release|Any CPU.Build.0 = Release|Any CPU
		{4C6E8177-32A4-451C-A73F-2ED3397C3D08}.Debug|Any CPU.ActiveCfg = Debug|Any CPU
		{4C6E8177-32A4-451C-A73F-2ED3397C3D08}.Debug|Any CPU.Build.0 = Debug|Any CPU
		{4C6E8177-32A4-451C-A73F-2ED3397C3D08}.Release|Any CPU.ActiveCfg = Release|Any CPU
		{4C6E8177-32A4-451C-A73F-2ED3397C3D08}.Release|Any CPU.Build.0 = Release|Any CPU
		{E930A543-EA80-4979-870B-105FB955D148}.Debug|Any CPU.ActiveCfg = Debug|Any CPU
		{E930A543-EA80-4979-870B-105FB955D148}.Debug|Any CPU.Build.0 = Debug|Any CPU
		{E930A543-EA80-4979-870B-105FB955D148}.Release|Any CPU.ActiveCfg = Release|Any CPU
		{E930A543-EA80-4979-870B-105FB955D148}.Release|Any CPU.Build.0 = Release|Any CPU
		{9D249B3A-6789-4456-B78E-8159CFDD2013}.Debug|Any CPU.ActiveCfg = Debug|Any CPU
		{9D249B3A-6789-4456-B78E-8159CFDD2013}.Debug|Any CPU.Build.0 = Debug|Any CPU
		{9D249B3A-6789-4456-B78E-8159CFDD2013}.Release|Any CPU.ActiveCfg = Release|Any CPU
		{9D249B3A-6789-4456-B78E-8159CFDD2013}.Release|Any CPU.Build.0 = Release|Any CPU
		{C1855B6D-4961-49C6-B7D9-313ABFCD5B37}.Debug|Any CPU.ActiveCfg = Debug|Any CPU
		{C1855B6D-4961-49C6-B7D9-313ABFCD5B37}.Debug|Any CPU.Build.0 = Debug|Any CPU
		{C1855B6D-4961-49C6-B7D9-313ABFCD5B37}.Release|Any CPU.ActiveCfg = Release|Any CPU
		{C1855B6D-4961-49C6-B7D9-313ABFCD5B37}.Release|Any CPU.Build.0 = Release|Any CPU
	EndGlobalSection
	GlobalSection(SolutionProperties) = preSolution
		HideSolutionNode = FALSE
	EndGlobalSection
	GlobalSection(NestedProjects) = preSolution
		{E930A543-EA80-4979-870B-105FB955D148} = {4B71F51C-A800-4C2D-97F1-57C7D7E3AA0C}
		{9D249B3A-6789-4456-B78E-8159CFDD2013} = {4B71F51C-A800-4C2D-97F1-57C7D7E3AA0C}
	EndGlobalSection
	GlobalSection(ExtensibilityGlobals) = postSolution
		SolutionGuid = {31C96785-B69E-4173-A86A-038A7AD4C11A}
	EndGlobalSection
EndGlobal
